
Microsoft Visual Studio Solution File, Format Version 12.00
# Visual Studio Version 16
VisualStudioVersion = 16.0.31624.102
MinimumVisualStudioVersion = 10.0.40219.1
Project("{FAE04EC0-301F-11D3-BF4B-00C04F79EFBC}") = "CQRS_İstanbulEgitimAkademi", "CQRS_İstanbulEgitimAkademi\CQRS_İstanbulEgitimAkademi.csproj", "{171CDB5E-DE29-481D-BCF7-FC725B24EDAB}"
EndProject
Global
	GlobalSection(SolutionConfigurationPlatforms) = preSolution
		Debug|Any CPU = Debug|Any CPU
		Release|Any CPU = Release|Any CPU
	EndGlobalSection
	GlobalSection(ProjectConfigurationPlatforms) = postSolution
		{171CDB5E-DE29-481D-BCF7-FC725B24EDAB}.Debug|Any CPU.ActiveCfg = Debug|Any CPU
		{171CDB5E-DE29-481D-BCF7-FC725B24EDAB}.Debug|Any CPU.Build.0 = Debug|Any CPU
		{171CDB5E-DE29-481D-BCF7-FC725B24EDAB}.Release|Any CPU.ActiveCfg = Release|Any CPU
		{171CDB5E-DE29-481D-BCF7-FC725B24EDAB}.Release|Any CPU.Build.0 = Release|Any CPU
	EndGlobalSection
	GlobalSection(SolutionProperties) = preSolution
		HideSolutionNode = FALSE
	EndGlobalSection
	GlobalSection(ExtensibilityGlobals) = postSolution
		SolutionGuid = {4ABC4E6A-6E07-4DE4-A634-34D7E3F209E0}
	EndGlobalSection
EndGlobal
